// !$*UTF8*$!
{
	archiveVersion = 1;
	classes = {
	};
	objectVersion = 55;
	objects = {

/* Begin PBXBuildFile section */
		A47DC3082801ADD200AE6530 /* HCI_AS1App.swift in Sources */ = {isa = PBXBuildFile; fileRef = A47DC3072801ADD200AE6530 /* HCI_AS1App.swift */; };
		A47DC30A2801ADD200AE6530 /* ContentView.swift in Sources */ = {isa = PBXBuildFile; fileRef = A47DC3092801ADD200AE6530 /* ContentView.swift */; };
		A47DC30C2801ADD400AE6530 /* Assets.xcassets in Resources */ = {isa = PBXBuildFile; fileRef = A47DC30B2801ADD400AE6530 /* Assets.xcassets */; };
		A47DC30F2801ADD400AE6530 /* Preview Assets.xcassets in Resources */ = {isa = PBXBuildFile; fileRef = A47DC30E2801ADD400AE6530 /* Preview Assets.xcassets */; };
		A47DC3162801AE8600AE6530 /* HomeView.swift in Sources */ = {isa = PBXBuildFile; fileRef = A47DC3152801AE8600AE6530 /* HomeView.swift */; };
		A47DC3182801AEAE00AE6530 /* DiscoverView.swift in Sources */ = {isa = PBXBuildFile; fileRef = A47DC3172801AEAE00AE6530 /* DiscoverView.swift */; };
		A47DC31C2801AED800AE6530 /* AboutView.swift in Sources */ = {isa = PBXBuildFile; fileRef = A47DC31B2801AED800AE6530 /* AboutView.swift */; };
		A47DC31E2802A9D300AE6530 /* RoomDetail.swift in Sources */ = {isa = PBXBuildFile; fileRef = A47DC31D2802A9D300AE6530 /* RoomDetail.swift */; };
		A47DC3202802AF8B00AE6530 /* RoomData.swift in Sources */ = {isa = PBXBuildFile; fileRef = A47DC31F2802AF8B00AE6530 /* RoomData.swift */; };
		A47DC3242802BDBB00AE6530 /* PeopleData.swift in Sources */ = {isa = PBXBuildFile; fileRef = A47DC3232802BDBB00AE6530 /* PeopleData.swift */; };
		A47DC34F2803312600AE6530 /* RoomScene.swift in Sources */ = {isa = PBXBuildFile; fileRef = A47DC34E2803312600AE6530 /* RoomScene.swift */; };
		A47DC3532803322800AE6530 /* art.scnassets in Resources */ = {isa = PBXBuildFile; fileRef = A47DC3522803322800AE6530 /* art.scnassets */; };
		A47DC3552803D51500AE6530 /* PersonView.swift in Sources */ = {isa = PBXBuildFile; fileRef = A47DC3542803D51500AE6530 /* PersonView.swift */; };
/* End PBXBuildFile section */

/* Begin PBXFileReference section */
		A47DC3042801ADD200AE6530 /* HCI_AS1.app */ = {isa = PBXFileReference; explicitFileType = wrapper.application; includeInIndex = 0; path = HCI_AS1.app; sourceTree = BUILT_PRODUCTS_DIR; };
		A47DC3072801ADD200AE6530 /* HCI_AS1App.swift */ = {isa = PBXFileReference; lastKnownFileType = sourcecode.swift; path = HCI_AS1App.swift; sourceTree = "<group>"; };
		A47DC3092801ADD200AE6530 /* ContentView.swift */ = {isa = PBXFileReference; lastKnownFileType = sourcecode.swift; path = ContentView.swift; sourceTree = "<group>"; };
		A47DC30B2801ADD400AE6530 /* Assets.xcassets */ = {isa = PBXFileReference; lastKnownFileType = folder.assetcatalog; path = Assets.xcassets; sourceTree = "<group>"; };
		A47DC30E2801ADD400AE6530 /* Preview Assets.xcassets */ = {isa = PBXFileReference; lastKnownFileType = folder.assetcatalog; path = "Preview Assets.xcassets"; sourceTree = "<group>"; };
		A47DC3152801AE8600AE6530 /* HomeView.swift */ = {isa = PBXFileReference; lastKnownFileType = sourcecode.swift; path = HomeView.swift; sourceTree = "<group>"; };
		A47DC3172801AEAE00AE6530 /* DiscoverView.swift */ = {isa = PBXFileReference; lastKnownFileType = sourcecode.swift; path = DiscoverView.swift; sourceTree = "<group>"; };
		A47DC31B2801AED800AE6530 /* AboutView.swift */ = {isa = PBXFileReference; lastKnownFileType = sourcecode.swift; path = AboutView.swift; sourceTree = "<group>"; };
		A47DC31D2802A9D300AE6530 /* RoomDetail.swift */ = {isa = PBXFileReference; lastKnownFileType = sourcecode.swift; path = RoomDetail.swift; sourceTree = "<group>"; };
		A47DC31F2802AF8B00AE6530 /* RoomData.swift */ = {isa = PBXFileReference; lastKnownFileType = sourcecode.swift; path = RoomData.swift; sourceTree = "<group>"; };
		A47DC3232802BDBB00AE6530 /* PeopleData.swift */ = {isa = PBXFileReference; lastKnownFileType = sourcecode.swift; path = PeopleData.swift; sourceTree = "<group>"; };
		A47DC34E2803312600AE6530 /* RoomScene.swift */ = {isa = PBXFileReference; lastKnownFileType = sourcecode.swift; path = RoomScene.swift; sourceTree = "<group>"; };
		A47DC3522803322800AE6530 /* art.scnassets */ = {isa = PBXFileReference; lastKnownFileType = wrapper.scnassets; path = art.scnassets; sourceTree = "<group>"; };
		A47DC3542803D51500AE6530 /* PersonView.swift */ = {isa = PBXFileReference; lastKnownFileType = sourcecode.swift; path = PersonView.swift; sourceTree = "<group>"; };
/* End PBXFileReference section */

/* Begin PBXFrameworksBuildPhase section */
		A47DC3012801ADD200AE6530 /* Frameworks */ = {
			isa = PBXFrameworksBuildPhase;
			buildActionMask = 2147483647;
			files = (
			);
			runOnlyForDeploymentPostprocessing = 0;
		};
/* End PBXFrameworksBuildPhase section */

/* Begin PBXGroup section */
		A47DC2FB2801ADD200AE6530 = {
			isa = PBXGroup;
			children = (
				A47DC3062801ADD200AE6530 /* HCI_AS1 */,
				A47DC3052801ADD200AE6530 /* Products */,
			);
			sourceTree = "<group>";
		};
		A47DC3052801ADD200AE6530 /* Products */ = {
			isa = PBXGroup;
			children = (
				A47DC3042801ADD200AE6530 /* HCI_AS1.app */,
			);
			name = Products;
			sourceTree = "<group>";
		};
		A47DC3062801ADD200AE6530 /* HCI_AS1 */ = {
			isa = PBXGroup;
			children = (
				A47DC3522803322800AE6530 /* art.scnassets */,
				A47DC3072801ADD200AE6530 /* HCI_AS1App.swift */,
				A47DC3092801ADD200AE6530 /* ContentView.swift */,
				A47DC30B2801ADD400AE6530 /* Assets.xcassets */,
				A47DC30D2801ADD400AE6530 /* Preview Content */,
				A47DC3152801AE8600AE6530 /* HomeView.swift */,
				A47DC3172801AEAE00AE6530 /* DiscoverView.swift */,
				A47DC31B2801AED800AE6530 /* AboutView.swift */,
				A47DC31D2802A9D300AE6530 /* RoomDetail.swift */,
				A47DC31F2802AF8B00AE6530 /* RoomData.swift */,
				A47DC3232802BDBB00AE6530 /* PeopleData.swift */,
				A47DC34E2803312600AE6530 /* RoomScene.swift */,
				A47DC3542803D51500AE6530 /* PersonView.swift */,
			);
			path = HCI_AS1;
			sourceTree = "<group>";
		};
		A47DC30D2801ADD400AE6530 /* Preview Content */ = {
			isa = PBXGroup;
			children = (
				A47DC30E2801ADD400AE6530 /* Preview Assets.xcassets */,
			);
			path = "Preview Content";
			sourceTree = "<group>";
		};
/* End PBXGroup section */

/* Begin PBXNativeTarget section */
		A47DC3032801ADD200AE6530 /* HCI_AS1 */ = {
			isa = PBXNativeTarget;
			buildConfigurationList = A47DC3122801ADD400AE6530 /* Build configuration list for PBXNativeTarget "HCI_AS1" */;
			buildPhases = (
				A47DC3002801ADD200AE6530 /* Sources */,
				A47DC3012801ADD200AE6530 /* Frameworks */,
				A47DC3022801ADD200AE6530 /* Resources */,
			);
			buildRules = (
			);
			dependencies = (
			);
			name = HCI_AS1;
			productName = HCI_AS1;
			productReference = A47DC3042801ADD200AE6530 /* HCI_AS1.app */;
			productType = "com.apple.product-type.application";
		};
/* End PBXNativeTarget section */

/* Begin PBXProject section */
		A47DC2FC2801ADD200AE6530 /* Project object */ = {
			isa = PBXProject;
			attributes = {
				BuildIndependentTargetsInParallel = 1;
				LastSwiftUpdateCheck = 1330;
				LastUpgradeCheck = 1330;
				TargetAttributes = {
					A47DC3032801ADD200AE6530 = {
						CreatedOnToolsVersion = 13.3;
					};
				};
			};
			buildConfigurationList = A47DC2FF2801ADD200AE6530 /* Build configuration list for PBXProject "HCI_AS1" */;
			compatibilityVersion = "Xcode 13.0";
			developmentRegion = en;
			hasScannedForEncodings = 0;
			knownRegions = (
				en,
				Base,
			);
			mainGroup = A47DC2FB2801ADD200AE6530;
			productRefGroup = A47DC3052801ADD200AE6530 /* Products */;
			projectDirPath = "";
			projectRoot = "";
			targets = (
				A47DC3032801ADD200AE6530 /* HCI_AS1 */,
			);
		};
/* End PBXProject section */

/* Begin PBXResourcesBuildPhase section */
		A47DC3022801ADD200AE6530 /* Resources */ = {
			isa = PBXResourcesBuildPhase;
			buildActionMask = 2147483647;
			files = (
				A47DC30F2801ADD400AE6530 /* Preview Assets.xcassets in Resources */,
				A47DC3532803322800AE6530 /* art.scnassets in Resources */,
				A47DC30C2801ADD400AE6530 /* Assets.xcassets in Resources */,
			);
			runOnlyForDeploymentPostprocessing = 0;
		};
/* End PBXResourcesBuildPhase section */

/* Begin PBXSourcesBuildPhase section */
		A47DC3002801ADD200AE6530 /* Sources */ = {
			isa = PBXSourcesBuildPhase;
			buildActionMask = 2147483647;
			files = (
				A47DC3162801AE8600AE6530 /* HomeView.swift in Sources */,
				A47DC3202802AF8B00AE6530 /* RoomData.swift in Sources */,
				A47DC3242802BDBB00AE6530 /* PeopleData.swift in Sources */,
				A47DC34F2803312600AE6530 /* RoomScene.swift in Sources */,
				A47DC30A2801ADD200AE6530 /* ContentView.swift in Sources */,
				A47DC3552803D51500AE6530 /* PersonView.swift in Sources */,
				A47DC3082801ADD200AE6530 /* HCI_AS1App.swift in Sources */,
				A47DC31E2802A9D300AE6530 /* RoomDetail.swift in Sources */,
				A47DC3182801AEAE00AE6530 /* DiscoverView.swift in Sources */,
				A47DC31C2801AED800AE6530 /* AboutView.swift in Sources */,
			);
			runOnlyForDeploymentPostprocessing = 0;
		};
/* End PBXSourcesBuildPhase section */

/* Begin XCBuildConfiguration section */
		A47DC3102801ADD400AE6530 /* Debug */ = {
			isa = XCBuildConfiguration;
			buildSettings = {
				ALWAYS_SEARCH_USER_PATHS = NO;
				CLANG_ANALYZER_NONNULL = YES;
				CLANG_ANALYZER_NUMBER_OBJECT_CONVERSION = YES_AGGRESSIVE;
				CLANG_CXX_LANGUAGE_STANDARD = "gnu++17";
				CLANG_ENABLE_MODULES = YES;
				CLANG_ENABLE_OBJC_ARC = YES;
				CLANG_ENABLE_OBJC_WEAK = YES;
				CLANG_WARN_BLOCK_CAPTURE_AUTORELEASING = YES;
				CLANG_WARN_BOOL_CONVERSION = YES;
				CLANG_WARN_COMMA = YES;
				CLANG_WARN_CONSTANT_CONVERSION = YES;
				CLANG_WARN_DEPRECATED_OBJC_IMPLEMENTATIONS = YES;
				CLANG_WARN_DIRECT_OBJC_ISA_USAGE = YES_ERROR;
				CLANG_WARN_DOCUMENTATION_COMMENTS = YES;
				CLANG_WARN_EMPTY_BODY = YES;
				CLANG_WARN_ENUM_CONVERSION = YES;
				CLANG_WARN_INFINITE_RECURSION = YES;
				CLANG_WARN_INT_CONVERSION = YES;
				CLANG_WARN_NON_LITERAL_NULL_CONVERSION = YES;
				CLANG_WARN_OBJC_IMPLICIT_RETAIN_SELF = YES;
				CLANG_WARN_OBJC_LITERAL_CONVERSION = YES;
				CLANG_WARN_OBJC_ROOT_CLASS = YES_ERROR;
				CLANG_WARN_QUOTED_INCLUDE_IN_FRAMEWORK_HEADER = YES;
				CLANG_WARN_RANGE_LOOP_ANALYSIS = YES;
				CLANG_WARN_STRICT_PROTOTYPES = YES;
				CLANG_WARN_SUSPICIOUS_MOVE = YES;
				CLANG_WARN_UNGUARDED_AVAILABILITY = YES_AGGRESSIVE;
				CLANG_WARN_UNREACHABLE_CODE = YES;
				CLANG_WARN__DUPLICATE_METHOD_MATCH = YES;
				COPY_PHASE_STRIP = NO;
				DEBUG_INFORMATION_FORMAT = dwarf;
				ENABLE_STRICT_OBJC_MSGSEND = YES;
				ENABLE_TESTABILITY = YES;
				GCC_C_LANGUAGE_STANDARD = gnu11;
				GCC_DYNAMIC_NO_PIC = NO;
				GCC_NO_COMMON_BLOCKS = YES;
				GCC_OPTIMIZATION_LEVEL = 0;
				GCC_PREPROCESSOR_DEFINITIONS = (
					"DEBUG=1",
					"$(inherited)",
				);
				GCC_WARN_64_TO_32_BIT_CONVERSION = YES;
				GCC_WARN_ABOUT_RETURN_TYPE = YES_ERROR;
				GCC_WARN_UNDECLARED_SELECTOR = YES;
				GCC_WARN_UNINITIALIZED_AUTOS = YES_AGGRESSIVE;
				GCC_WARN_UNUSED_FUNCTION = YES;
				GCC_WARN_UNUSED_VARIABLE = YES;
				IPHONEOS_DEPLOYMENT_TARGET = 15.4;
				MTL_ENABLE_DEBUG_INFO = INCLUDE_SOURCE;
				MTL_FAST_MATH = YES;
				ONLY_ACTIVE_ARCH = YES;
				SDKROOT = iphoneos;
				SWIFT_ACTIVE_COMPILATION_CONDITIONS = DEBUG;
				SWIFT_OPTIMIZATION_LEVEL = "-Onone";
			};
			name = Debug;
		};
		A47DC3112801ADD400AE6530 /* Release */ = {
			isa = XCBuildConfiguration;
			buildSettings = {
				ALWAYS_SEARCH_USER_PATHS = NO;
				CLANG_ANALYZER_NONNULL = YES;
				CLANG_ANALYZER_NUMBER_OBJECT_CONVERSION = YES_AGGRESSIVE;
				CLANG_CXX_LANGUAGE_STANDARD = "gnu++17";
				CLANG_ENABLE_MODULES = YES;
				CLANG_ENABLE_OBJC_ARC = YES;
				CLANG_ENABLE_OBJC_WEAK = YES;
				CLANG_WARN_BLOCK_CAPTURE_AUTORELEASING = YES;
				CLANG_WARN_BOOL_CONVERSION = YES;
				CLANG_WARN_COMMA = YES;
				CLANG_WARN_CONSTANT_CONVERSION = YES;
				CLANG_WARN_DEPRECATED_OBJC_IMPLEMENTATIONS = YES;
				CLANG_WARN_DIRECT_OBJC_ISA_USAGE = YES_ERROR;
				CLANG_WARN_DOCUMENTATION_COMMENTS = YES;
				CLANG_WARN_EMPTY_BODY = YES;
				CLANG_WARN_ENUM_CONVERSION = YES;
				CLANG_WARN_INFINITE_RECURSION = YES;
				CLANG_WARN_INT_CONVERSION = YES;
				CLANG_WARN_NON_LITERAL_NULL_CONVERSION = YES;
				CLANG_WARN_OBJC_IMPLICIT_RETAIN_SELF = YES;
				CLANG_WARN_OBJC_LITERAL_CONVERSION = YES;
				CLANG_WARN_OBJC_ROOT_CLASS = YES_ERROR;
				CLANG_WARN_QUOTED_INCLUDE_IN_FRAMEWORK_HEADER = YES;
				CLANG_WARN_RANGE_LOOP_ANALYSIS = YES;
				CLANG_WARN_STRICT_PROTOTYPES = YES;
				CLANG_WARN_SUSPICIOUS_MOVE = YES;
				CLANG_WARN_UNGUARDED_AVAILABILITY = YES_AGGRESSIVE;
				CLANG_WARN_UNREACHABLE_CODE = YES;
				CLANG_WARN__DUPLICATE_METHOD_MATCH = YES;
				COPY_PHASE_STRIP = NO;
				DEBUG_INFORMATION_FORMAT = "dwarf-with-dsym";
				ENABLE_NS_ASSERTIONS = NO;
				ENABLE_STRICT_OBJC_MSGSEND = YES;
				GCC_C_LANGUAGE_STANDARD = gnu11;
				GCC_NO_COMMON_BLOCKS = YES;
				GCC_WARN_64_TO_32_BIT_CONVERSION = YES;
				GCC_WARN_ABOUT_RETURN_TYPE = YES_ERROR;
				GCC_WARN_UNDECLARED_SELECTOR = YES;
				GCC_WARN_UNINITIALIZED_AUTOS = YES_AGGRESSIVE;
				GCC_WARN_UNUSED_FUNCTION = YES;
				GCC_WARN_UNUSED_VARIABLE = YES;
				IPHONEOS_DEPLOYMENT_TARGET = 15.4;
				MTL_ENABLE_DEBUG_INFO = NO;
				MTL_FAST_MATH = YES;
				SDKROOT = iphoneos;
				SWIFT_COMPILATION_MODE = wholemodule;
				SWIFT_OPTIMIZATION_LEVEL = "-O";
				VALIDATE_PRODUCT = YES;
			};
			name = Release;
		};
		A47DC3132801ADD400AE6530 /* Debug */ = {
			isa = XCBuildConfiguration;
			buildSettings = {
				ASSETCATALOG_COMPILER_APPICON_NAME = AppIcon;
				ASSETCATALOG_COMPILER_GLOBAL_ACCENT_COLOR_NAME = AccentColor;
				CODE_SIGN_STYLE = Automatic;
				CURRENT_PROJECT_VERSION = 1;
				DEVELOPMENT_ASSET_PATHS = "\"HCI_AS1/Preview Content\"";
				DEVELOPMENT_TEAM = Z839K2V56T;
				ENABLE_PREVIEWS = YES;
				GENERATE_INFOPLIST_FILE = YES;
				INFOPLIST_KEY_UIApplicationSceneManifest_Generation = YES;
				INFOPLIST_KEY_UIApplicationSupportsIndirectInputEvents = YES;
				INFOPLIST_KEY_UILaunchScreen_Generation = YES;
				INFOPLIST_KEY_UISupportedInterfaceOrientations_iPad = "UIInterfaceOrientationPortrait UIInterfaceOrientationPortraitUpsideDown UIInterfaceOrientationLandscapeLeft UIInterfaceOrientationLandscapeRight";
				INFOPLIST_KEY_UISupportedInterfaceOrientations_iPhone = "UIInterfaceOrientationPortrait UIInterfaceOrientationLandscapeLeft UIInterfaceOrientationLandscapeRight";
				LD_RUNPATH_SEARCH_PATHS = (
					"$(inherited)",
					"@executable_path/Frameworks",
				);
				MARKETING_VERSION = 1.0;
				PRODUCT_BUNDLE_IDENTIFIER = "alexios.HCI-AS1";
				PRODUCT_NAME = "$(TARGET_NAME)";
				SWIFT_EMIT_LOC_STRINGS = YES;
				SWIFT_VERSION = 5.0;
				TARGETED_DEVICE_FAMILY = "1,2";
			};
			name = Debug;
		};
		A47DC3142801ADD400AE6530 /* Release */ = {
			isa = XCBuildConfiguration;
			buildSettings = {
				ASSETCATALOG_COMPILER_APPICON_NAME = AppIcon;
				ASSETCATALOG_COMPILER_GLOBAL_ACCENT_COLOR_NAME = AccentColor;
				CODE_SIGN_STYLE = Automatic;
				CURRENT_PROJECT_VERSION = 1;
				DEVELOPMENT_ASSET_PATHS = "\"HCI_AS1/Preview Content\"";
				DEVELOPMENT_TEAM = Z839K2V56T;
				ENABLE_PREVIEWS = YES;
				GENERATE_INFOPLIST_FILE = YES;
				INFOPLIST_KEY_UIApplicationSceneManifest_Generation = YES;
				INFOPLIST_KEY_UIApplicationSupportsIndirectInputEvents = YES;
				INFOPLIST_KEY_UILaunchScreen_Generation = YES;
				INFOPLIST_KEY_UISupportedInterfaceOrientations_iPad = "UIInterfaceOrientationPortrait UIInterfaceOrientationPortraitUpsideDown UIInterfaceOrientationLandscapeLeft UIInterfaceOrientationLandscapeRight";
				INFOPLIST_KEY_UISupportedInterfaceOrientations_iPhone = "UIInterfaceOrientationPortrait UIInterfaceOrientationLandscapeLeft UIInterfaceOrientationLandscapeRight";
				LD_RUNPATH_SEARCH_PATHS = (
					"$(inherited)",
					"@executable_path/Frameworks",
				);
				MARKETING_VERSION = 1.0;
				PRODUCT_BUNDLE_IDENTIFIER = "alexios.HCI-AS1";
				PRODUCT_NAME = "$(TARGET_NAME)";
				SWIFT_EMIT_LOC_STRINGS = YES;
				SWIFT_VERSION = 5.0;
				TARGETED_DEVICE_FAMILY = "1,2";
			};
			name = Release;
		};
/* End XCBuildConfiguration section */

/* Begin XCConfigurationList section */
		A47DC2FF2801ADD200AE6530 /* Build configuration list for PBXProject "HCI_AS1" */ = {
			isa = XCConfigurationList;
			buildConfigurations = (
				A47DC3102801ADD400AE6530 /* Debug */,
				A47DC3112801ADD400AE6530 /* Release */,
			);
			defaultConfigurationIsVisible = 0;
			defaultConfigurationName = Release;
		};
		A47DC3122801ADD400AE6530 /* Build configuration list for PBXNativeTarget "HCI_AS1" */ = {
			isa = XCConfigurationList;
			buildConfigurations = (
				A47DC3132801ADD400AE6530 /* Debug */,
				A47DC3142801ADD400AE6530 /* Release */,
			);
			defaultConfigurationIsVisible = 0;
			defaultConfigurationName = Release;
		};
/* End XCConfigurationList section */
	};
	rootObject = A47DC2FC2801ADD200AE6530 /* Project object */;
}
